
Microsoft Visual Studio Solution File, Format Version 12.00
# Visual Studio Version 17
VisualStudioVersion = 17.13.35806.99 d17.13
MinimumVisualStudioVersion = 10.0.40219.1
Project("{FAE04EC0-301F-11D3-BF4B-00C04F79EFBC}") = "GrpcServer", "GrpcServer\GrpcServer.csproj", "{2F485832-756D-46FA-BCA2-216213DA4A48}"
EndProject
Project("{FAE04EC0-301F-11D3-BF4B-00C04F79EFBC}") = "GrpcClient", "GrpcClient\GrpcClient.csproj", "{158A807F-E9C3-47BE-AA3C-592C48334E37}"
EndProject
Global
	GlobalSection(SolutionConfigurationPlatforms) = preSolution
		Debug|Any CPU = Debug|Any CPU
		Release|Any CPU = Release|Any CPU
	EndGlobalSection
	GlobalSection(ProjectConfigurationPlatforms) = postSolution
		{2F485832-756D-46FA-BCA2-216213DA4A48}.Debug|Any CPU.ActiveCfg = Debug|Any CPU
		{2F485832-756D-46FA-BCA2-216213DA4A48}.Debug|Any CPU.Build.0 = Debug|Any CPU
		{2F485832-756D-46FA-BCA2-216213DA4A48}.Release|Any CPU.ActiveCfg = Release|Any CPU
		{2F485832-756D-46FA-BCA2-216213DA4A48}.Release|Any CPU.Build.0 = Release|Any CPU
		{158A807F-E9C3-47BE-AA3C-592C48334E37}.Debug|Any CPU.ActiveCfg = Debug|Any CPU
		{158A807F-E9C3-47BE-AA3C-592C48334E37}.Debug|Any CPU.Build.0 = Debug|Any CPU
		{158A807F-E9C3-47BE-AA3C-592C48334E37}.Release|Any CPU.ActiveCfg = Release|Any CPU
		{158A807F-E9C3-47BE-AA3C-592C48334E37}.Release|Any CPU.Build.0 = Release|Any CPU
	EndGlobalSection
	GlobalSection(SolutionProperties) = preSolution
		HideSolutionNode = FALSE
	EndGlobalSection
	GlobalSection(ExtensibilityGlobals) = postSolution
		SolutionGuid = {F2B13018-9153-464E-B041-E441AE473629}
	EndGlobalSection
EndGlobal
